// !$*UTF8*$!
{
	archiveVersion = 1;
	classes = {
	};
	objectVersion = 50;
	objects = {

/* Begin PBXBuildFile section */
		EAACED49240A6CCB00EABAE8 /* AppDelegate.swift in Sources */ = {isa = PBXBuildFile; fileRef = EAACED48240A6CCB00EABAE8 /* AppDelegate.swift */; };
		EAACED4B240A6CCB00EABAE8 /* ViewController.swift in Sources */ = {isa = PBXBuildFile; fileRef = EAACED4A240A6CCB00EABAE8 /* ViewController.swift */; };
		EAACED4D240A6CCC00EABAE8 /* Assets.xcassets in Resources */ = {isa = PBXBuildFile; fileRef = EAACED4C240A6CCC00EABAE8 /* Assets.xcassets */; };
		EAACED50240A6CCC00EABAE8 /* Main.storyboard in Resources */ = {isa = PBXBuildFile; fileRef = EAACED4E240A6CCC00EABAE8 /* Main.storyboard */; };
		EAACED5C240A6CCC00EABAE8 /* cardTests.swift in Sources */ = {isa = PBXBuildFile; fileRef = EAACED5B240A6CCC00EABAE8 /* cardTests.swift */; };
/* End PBXBuildFile section */

/* Begin PBXContainerItemProxy section */
		EAACED58240A6CCC00EABAE8 /* PBXContainerItemProxy */ = {
			isa = PBXContainerItemProxy;
			containerPortal = EAACED3D240A6CCB00EABAE8 /* Project object */;
			proxyType = 1;
			remoteGlobalIDString = EAACED44240A6CCB00EABAE8;
			remoteInfo = card;
		};
/* End PBXContainerItemProxy section */

/* Begin PBXFileReference section */
		EAACED45240A6CCB00EABAE8 /* card.app */ = {isa = PBXFileReference; explicitFileType = wrapper.application; includeInIndex = 0; path = card.app; sourceTree = BUILT_PRODUCTS_DIR; };
		EAACED48240A6CCB00EABAE8 /* AppDelegate.swift */ = {isa = PBXFileReference; lastKnownFileType = sourcecode.swift; path = AppDelegate.swift; sourceTree = "<group>"; };
		EAACED4A240A6CCB00EABAE8 /* ViewController.swift */ = {isa = PBXFileReference; lastKnownFileType = sourcecode.swift; path = ViewController.swift; sourceTree = "<group>"; };
		EAACED4C240A6CCC00EABAE8 /* Assets.xcassets */ = {isa = PBXFileReference; lastKnownFileType = folder.assetcatalog; path = Assets.xcassets; sourceTree = "<group>"; };
		EAACED4F240A6CCC00EABAE8 /* Base */ = {isa = PBXFileReference; lastKnownFileType = file.storyboard; name = Base; path = Base.lproj/Main.storyboard; sourceTree = "<group>"; };
		EAACED51240A6CCC00EABAE8 /* Info.plist */ = {isa = PBXFileReference; lastKnownFileType = text.plist.xml; path = Info.plist; sourceTree = "<group>"; };
		EAACED52240A6CCC00EABAE8 /* card.entitlements */ = {isa = PBXFileReference; lastKnownFileType = text.plist.entitlements; path = card.entitlements; sourceTree = "<group>"; };
		EAACED57240A6CCC00EABAE8 /* cardTests.xctest */ = {isa = PBXFileReference; explicitFileType = wrapper.cfbundle; includeInIndex = 0; path = cardTests.xctest; sourceTree = BUILT_PRODUCTS_DIR; };
		EAACED5B240A6CCC00EABAE8 /* cardTests.swift */ = {isa = PBXFileReference; lastKnownFileType = sourcecode.swift; path = cardTests.swift; sourceTree = "<group>"; };
		EAACED5D240A6CCC00EABAE8 /* Info.plist */ = {isa = PBXFileReference; lastKnownFileType = text.plist.xml; path = Info.plist; sourceTree = "<group>"; };
/* End PBXFileReference section */

/* Begin PBXFrameworksBuildPhase section */
		EAACED42240A6CCB00EABAE8 /* Frameworks */ = {
			isa = PBXFrameworksBuildPhase;
			buildActionMask = 2147483647;
			files = (
			);
			runOnlyForDeploymentPostprocessing = 0;
		};
		EAACED54240A6CCC00EABAE8 /* Frameworks */ = {
			isa = PBXFrameworksBuildPhase;
			buildActionMask = 2147483647;
			files = (
			);
			runOnlyForDeploymentPostprocessing = 0;
		};
/* End PBXFrameworksBuildPhase section */

/* Begin PBXGroup section */
		EAACED3C240A6CCB00EABAE8 = {
			isa = PBXGroup;
			children = (
				EAACED47240A6CCB00EABAE8 /* card */,
				EAACED5A240A6CCC00EABAE8 /* cardTests */,
				EAACED46240A6CCB00EABAE8 /* Products */,
			);
			sourceTree = "<group>";
		};
		EAACED46240A6CCB00EABAE8 /* Products */ = {
			isa = PBXGroup;
			children = (
				EAACED45240A6CCB00EABAE8 /* card.app */,
				EAACED57240A6CCC00EABAE8 /* cardTests.xctest */,
			);
			name = Products;
			sourceTree = "<group>";
		};
		EAACED47240A6CCB00EABAE8 /* card */ = {
			isa = PBXGroup;
			children = (
				EAACED48240A6CCB00EABAE8 /* AppDelegate.swift */,
				EAACED4A240A6CCB00EABAE8 /* ViewController.swift */,
				EAACED4C240A6CCC00EABAE8 /* Assets.xcassets */,
				EAACED4E240A6CCC00EABAE8 /* Main.storyboard */,
				EAACED51240A6CCC00EABAE8 /* Info.plist */,
				EAACED52240A6CCC00EABAE8 /* card.entitlements */,
			);
			path = card;
			sourceTree = "<group>";
		};
		EAACED5A240A6CCC00EABAE8 /* cardTests */ = {
			isa = PBXGroup;
			children = (
				EAACED5B240A6CCC00EABAE8 /* cardTests.swift */,
				EAACED5D240A6CCC00EABAE8 /* Info.plist */,
			);
			path = cardTests;
			sourceTree = "<group>";
		};
/* End PBXGroup section */

/* Begin PBXNativeTarget section */
		EAACED44240A6CCB00EABAE8 /* card */ = {
			isa = PBXNativeTarget;
			buildConfigurationList = EAACED60240A6CCC00EABAE8 /* Build configuration list for PBXNativeTarget "card" */;
			buildPhases = (
				EAACED41240A6CCB00EABAE8 /* Sources */,
				EAACED42240A6CCB00EABAE8 /* Frameworks */,
				EAACED43240A6CCB00EABAE8 /* Resources */,
			);
			buildRules = (
			);
			dependencies = (
			);
			name = card;
			productName = card;
			productReference = EAACED45240A6CCB00EABAE8 /* card.app */;
			productType = "com.apple.product-type.application";
		};
		EAACED56240A6CCC00EABAE8 /* cardTests */ = {
			isa = PBXNativeTarget;
			buildConfigurationList = EAACED63240A6CCC00EABAE8 /* Build configuration list for PBXNativeTarget "cardTests" */;
			buildPhases = (
				EAACED53240A6CCC00EABAE8 /* Sources */,
				EAACED54240A6CCC00EABAE8 /* Frameworks */,
				EAACED55240A6CCC00EABAE8 /* Resources */,
			);
			buildRules = (
			);
			dependencies = (
				EAACED59240A6CCC00EABAE8 /* PBXTargetDependency */,
			);
			name = cardTests;
			productName = cardTests;
			productReference = EAACED57240A6CCC00EABAE8 /* cardTests.xctest */;
			productType = "com.apple.product-type.bundle.unit-test";
		};
/* End PBXNativeTarget section */

/* Begin PBXProject section */
		EAACED3D240A6CCB00EABAE8 /* Project object */ = {
			isa = PBXProject;
			attributes = {
				LastSwiftUpdateCheck = 1130;
				LastUpgradeCheck = 1130;
				ORGANIZATIONNAME = "Tiago Martinho";
				TargetAttributes = {
					EAACED44240A6CCB00EABAE8 = {
						CreatedOnToolsVersion = 11.3.1;
					};
					EAACED56240A6CCC00EABAE8 = {
						CreatedOnToolsVersion = 11.3.1;
						TestTargetID = EAACED44240A6CCB00EABAE8;
					};
				};
			};
			buildConfigurationList = EAACED40240A6CCB00EABAE8 /* Build configuration list for PBXProject "card" */;
			compatibilityVersion = "Xcode 9.3";
			developmentRegion = en;
			hasScannedForEncodings = 0;
			knownRegions = (
				en,
				Base,
			);
			mainGroup = EAACED3C240A6CCB00EABAE8;
			productRefGroup = EAACED46240A6CCB00EABAE8 /* Products */;
			projectDirPath = "";
			projectRoot = "";
			targets = (
				EAACED44240A6CCB00EABAE8 /* card */,
				EAACED56240A6CCC00EABAE8 /* cardTests */,
			);
		};
/* End PBXProject section */

/* Begin PBXResourcesBuildPhase section */
		EAACED43240A6CCB00EABAE8 /* Resources */ = {
			isa = PBXResourcesBuildPhase;
			buildActionMask = 2147483647;
			files = (
				EAACED4D240A6CCC00EABAE8 /* Assets.xcassets in Resources */,
				EAACED50240A6CCC00EABAE8 /* Main.storyboard in Resources */,
			);
			runOnlyForDeploymentPostprocessing = 0;
		};
		EAACED55240A6CCC00EABAE8 /* Resources */ = {
			isa = PBXResourcesBuildPhase;
			buildActionMask = 2147483647;
			files = (
			);
			runOnlyForDeploymentPostprocessing = 0;
		};
/* End PBXResourcesBuildPhase section */

/* Begin PBXSourcesBuildPhase section */
		EAACED41240A6CCB00EABAE8 /* Sources */ = {
			isa = PBXSourcesBuildPhase;
			buildActionMask = 2147483647;
			files = (
				EAACED4B240A6CCB00EABAE8 /* ViewController.swift in Sources */,
				EAACED49240A6CCB00EABAE8 /* AppDelegate.swift in Sources */,
			);
			runOnlyForDeploymentPostprocessing = 0;
		};
		EAACED53240A6CCC00EABAE8 /* Sources */ = {
			isa = PBXSourcesBuildPhase;
			buildActionMask = 2147483647;
			files = (
				EAACED5C240A6CCC00EABAE8 /* cardTests.swift in Sources */,
			);
			runOnlyForDeploymentPostprocessing = 0;
		};
/* End PBXSourcesBuildPhase section */

/* Begin PBXTargetDependency section */
		EAACED59240A6CCC00EABAE8 /* PBXTargetDependency */ = {
			isa = PBXTargetDependency;
			target = EAACED44240A6CCB00EABAE8 /* card */;
			targetProxy = EAACED58240A6CCC00EABAE8 /* PBXContainerItemProxy */;
		};
/* End PBXTargetDependency section */

/* Begin PBXVariantGroup section */
		EAACED4E240A6CCC00EABAE8 /* Main.storyboard */ = {
			isa = PBXVariantGroup;
			children = (
				EAACED4F240A6CCC00EABAE8 /* Base */,
			);
			name = Main.storyboard;
			sourceTree = "<group>";
		};
/* End PBXVariantGroup section */

/* Begin XCBuildConfiguration section */
		EAACED5E240A6CCC00EABAE8 /* Debug */ = {
			isa = XCBuildConfiguration;
			buildSettings = {
				ALWAYS_SEARCH_USER_PATHS = NO;
				CLANG_ANALYZER_NONNULL = YES;
				CLANG_ANALYZER_NUMBER_OBJECT_CONVERSION = YES_AGGRESSIVE;
				CLANG_CXX_LANGUAGE_STANDARD = "gnu++14";
				CLANG_CXX_LIBRARY = "libc++";
				CLANG_ENABLE_MODULES = YES;
				CLANG_ENABLE_OBJC_ARC = YES;
				CLANG_ENABLE_OBJC_WEAK = YES;
				CLANG_WARN_BLOCK_CAPTURE_AUTORELEASING = YES;
				CLANG_WARN_BOOL_CONVERSION = YES;
				CLANG_WARN_COMMA = YES;
				CLANG_WARN_CONSTANT_CONVERSION = YES;
				CLANG_WARN_DEPRECATED_OBJC_IMPLEMENTATIONS = YES;
				CLANG_WARN_DIRECT_OBJC_ISA_USAGE = YES_ERROR;
				CLANG_WARN_DOCUMENTATION_COMMENTS = YES;
				CLANG_WARN_EMPTY_BODY = YES;
				CLANG_WARN_ENUM_CONVERSION = YES;
				CLANG_WARN_INFINITE_RECURSION = YES;
				CLANG_WARN_INT_CONVERSION = YES;
				CLANG_WARN_NON_LITERAL_NULL_CONVERSION = YES;
				CLANG_WARN_OBJC_IMPLICIT_RETAIN_SELF = YES;
				CLANG_WARN_OBJC_LITERAL_CONVERSION = YES;
				CLANG_WARN_OBJC_ROOT_CLASS = YES_ERROR;
				CLANG_WARN_RANGE_LOOP_ANALYSIS = YES;
				CLANG_WARN_STRICT_PROTOTYPES = YES;
				CLANG_WARN_SUSPICIOUS_MOVE = YES;
				CLANG_WARN_UNGUARDED_AVAILABILITY = YES_AGGRESSIVE;
				CLANG_WARN_UNREACHABLE_CODE = YES;
				CLANG_WARN__DUPLICATE_METHOD_MATCH = YES;
				COPY_PHASE_STRIP = NO;
				DEBUG_INFORMATION_FORMAT = dwarf;
				ENABLE_STRICT_OBJC_MSGSEND = YES;
				ENABLE_TESTABILITY = YES;
				GCC_C_LANGUAGE_STANDARD = gnu11;
				GCC_DYNAMIC_NO_PIC = NO;
				GCC_NO_COMMON_BLOCKS = YES;
				GCC_OPTIMIZATION_LEVEL = 0;
				GCC_PREPROCESSOR_DEFINITIONS = (
					"DEBUG=1",
					"$(inherited)",
				);
				GCC_WARN_64_TO_32_BIT_CONVERSION = YES;
				GCC_WARN_ABOUT_RETURN_TYPE = YES_ERROR;
				GCC_WARN_UNDECLARED_SELECTOR = YES;
				GCC_WARN_UNINITIALIZED_AUTOS = YES_AGGRESSIVE;
				GCC_WARN_UNUSED_FUNCTION = YES;
				GCC_WARN_UNUSED_VARIABLE = YES;
				MACOSX_DEPLOYMENT_TARGET = 10.15;
				MTL_ENABLE_DEBUG_INFO = INCLUDE_SOURCE;
				MTL_FAST_MATH = YES;
				ONLY_ACTIVE_ARCH = YES;
				SDKROOT = macosx;
				SWIFT_ACTIVE_COMPILATION_CONDITIONS = DEBUG;
				SWIFT_OPTIMIZATION_LEVEL = "-Onone";
			};
			name = Debug;
		};
		EAACED5F240A6CCC00EABAE8 /* Release */ = {
			isa = XCBuildConfiguration;
			buildSettings = {
				ALWAYS_SEARCH_USER_PATHS = NO;
				CLANG_ANALYZER_NONNULL = YES;
				CLANG_ANALYZER_NUMBER_OBJECT_CONVERSION = YES_AGGRESSIVE;
				CLANG_CXX_LANGUAGE_STANDARD = "gnu++14";
				CLANG_CXX_LIBRARY = "libc++";
				CLANG_ENABLE_MODULES = YES;
				CLANG_ENABLE_OBJC_ARC = YES;
				CLANG_ENABLE_OBJC_WEAK = YES;
				CLANG_WARN_BLOCK_CAPTURE_AUTORELEASING = YES;
				CLANG_WARN_BOOL_CONVERSION = YES;
				CLANG_WARN_COMMA = YES;
				CLANG_WARN_CONSTANT_CONVERSION = YES;
				CLANG_WARN_DEPRECATED_OBJC_IMPLEMENTATIONS = YES;
				CLANG_WARN_DIRECT_OBJC_ISA_USAGE = YES_ERROR;
				CLANG_WARN_DOCUMENTATION_COMMENTS = YES;
				CLANG_WARN_EMPTY_BODY = YES;
				CLANG_WARN_ENUM_CONVERSION = YES;
				CLANG_WARN_INFINITE_RECURSION = YES;
				CLANG_WARN_INT_CONVERSION = YES;
				CLANG_WARN_NON_LITERAL_NULL_CONVERSION = YES;
				CLANG_WARN_OBJC_IMPLICIT_RETAIN_SELF = YES;
				CLANG_WARN_OBJC_LITERAL_CONVERSION = YES;
				CLANG_WARN_OBJC_ROOT_CLASS = YES_ERROR;
				CLANG_WARN_RANGE_LOOP_ANALYSIS = YES;
				CLANG_WARN_STRICT_PROTOTYPES = YES;
				CLANG_WARN_SUSPICIOUS_MOVE = YES;
				CLANG_WARN_UNGUARDED_AVAILABILITY = YES_AGGRESSIVE;
				CLANG_WARN_UNREACHABLE_CODE = YES;
				CLANG_WARN__DUPLICATE_METHOD_MATCH = YES;
				COPY_PHASE_STRIP = NO;
				DEBUG_INFORMATION_FORMAT = "dwarf-with-dsym";
				ENABLE_NS_ASSERTIONS = NO;
				ENABLE_STRICT_OBJC_MSGSEND = YES;
				GCC_C_LANGUAGE_STANDARD = gnu11;
				GCC_NO_COMMON_BLOCKS = YES;
				GCC_WARN_64_TO_32_BIT_CONVERSION = YES;
				GCC_WARN_ABOUT_RETURN_TYPE = YES_ERROR;
				GCC_WARN_UNDECLARED_SELECTOR = YES;
				GCC_WARN_UNINITIALIZED_AUTOS = YES_AGGRESSIVE;
				GCC_WARN_UNUSED_FUNCTION = YES;
				GCC_WARN_UNUSED_VARIABLE = YES;
				MACOSX_DEPLOYMENT_TARGET = 10.15;
				MTL_ENABLE_DEBUG_INFO = NO;
				MTL_FAST_MATH = YES;
				SDKROOT = macosx;
				SWIFT_COMPILATION_MODE = wholemodule;
				SWIFT_OPTIMIZATION_LEVEL = "-O";
			};
			name = Release;
		};
		EAACED61240A6CCC00EABAE8 /* Debug */ = {
			isa = XCBuildConfiguration;
			buildSettings = {
				ASSETCATALOG_COMPILER_APPICON_NAME = AppIcon;
				CODE_SIGN_ENTITLEMENTS = card/card.entitlements;
				CODE_SIGN_STYLE = Automatic;
				COMBINE_HIDPI_IMAGES = YES;
				DEVELOPMENT_TEAM = 4C34FT6ABU;
				ENABLE_HARDENED_RUNTIME = YES;
				INFOPLIST_FILE = card/Info.plist;
				LD_RUNPATH_SEARCH_PATHS = (
					"$(inherited)",
					"@executable_path/../Frameworks",
				);
				PRODUCT_BUNDLE_IDENTIFIER = com.tm.card;
				PRODUCT_NAME = "$(TARGET_NAME)";
				SWIFT_VERSION = 5.0;
			};
			name = Debug;
		};
		EAACED62240A6CCC00EABAE8 /* Release */ = {
			isa = XCBuildConfiguration;
			buildSettings = {
				ASSETCATALOG_COMPILER_APPICON_NAME = AppIcon;
				CODE_SIGN_ENTITLEMENTS = card/card.entitlements;
				CODE_SIGN_STYLE = Automatic;
				COMBINE_HIDPI_IMAGES = YES;
				DEVELOPMENT_TEAM = 4C34FT6ABU;
				ENABLE_HARDENED_RUNTIME = YES;
				INFOPLIST_FILE = card/Info.plist;
				LD_RUNPATH_SEARCH_PATHS = (
					"$(inherited)",
					"@executable_path/../Frameworks",
				);
				PRODUCT_BUNDLE_IDENTIFIER = com.tm.card;
				PRODUCT_NAME = "$(TARGET_NAME)";
				SWIFT_VERSION = 5.0;
			};
			name = Release;
		};
		EAACED64240A6CCC00EABAE8 /* Debug */ = {
			isa = XCBuildConfiguration;
			buildSettings = {
				ALWAYS_EMBED_SWIFT_STANDARD_LIBRARIES = YES;
				BUNDLE_LOADER = "$(TEST_HOST)";
				CODE_SIGN_STYLE = Automatic;
				COMBINE_HIDPI_IMAGES = YES;
				DEVELOPMENT_TEAM = 4C34FT6ABU;
				INFOPLIST_FILE = cardTests/Info.plist;
				LD_RUNPATH_SEARCH_PATHS = (
					"$(inherited)",
					"@executable_path/../Frameworks",
					"@loader_path/../Frameworks",
				);
				MACOSX_DEPLOYMENT_TARGET = 10.15;
				PRODUCT_BUNDLE_IDENTIFIER = com.tm.cardTests;
				PRODUCT_NAME = "$(TARGET_NAME)";
				SWIFT_VERSION = 5.0;
				TEST_HOST = "$(BUILT_PRODUCTS_DIR)/card.app/Contents/MacOS/card";
			};
			name = Debug;
		};
		EAACED65240A6CCC00EABAE8 /* Release */ = {
			isa = XCBuildConfiguration;
			buildSettings = {
				ALWAYS_EMBED_SWIFT_STANDARD_LIBRARIES = YES;
				BUNDLE_LOADER = "$(TEST_HOST)";
				CODE_SIGN_STYLE = Automatic;
				COMBINE_HIDPI_IMAGES = YES;
				DEVELOPMENT_TEAM = 4C34FT6ABU;
				INFOPLIST_FILE = cardTests/Info.plist;
				LD_RUNPATH_SEARCH_PATHS = (
					"$(inherited)",
					"@executable_path/../Frameworks",
					"@loader_path/../Frameworks",
				);
				MACOSX_DEPLOYMENT_TARGET = 10.15;
				PRODUCT_BUNDLE_IDENTIFIER = com.tm.cardTests;
				PRODUCT_NAME = "$(TARGET_NAME)";
				SWIFT_VERSION = 5.0;
				TEST_HOST = "$(BUILT_PRODUCTS_DIR)/card.app/Contents/MacOS/card";
			};
			name = Release;
		};
/* End XCBuildConfiguration section */

/* Begin XCConfigurationList section */
		EAACED40240A6CCB00EABAE8 /* Build configuration list for PBXProject "card" */ = {
			isa = XCConfigurationList;
			buildConfigurations = (
				EAACED5E240A6CCC00EABAE8 /* Debug */,
				EAACED5F240A6CCC00EABAE8 /* Release */,
			);
			defaultConfigurationIsVisible = 0;
			defaultConfigurationName = Release;
		};
		EAACED60240A6CCC00EABAE8 /* Build configuration list for PBXNativeTarget "card" */ = {
			isa = XCConfigurationList;
			buildConfigurations = (
				EAACED61240A6CCC00EABAE8 /* Debug */,
				EAACED62240A6CCC00EABAE8 /* Release */,
			);
			defaultConfigurationIsVisible = 0;
			defaultConfigurationName = Release;
		};
		EAACED63240A6CCC00EABAE8 /* Build configuration list for PBXNativeTarget "cardTests" */ = {
			isa = XCConfigurationList;
			buildConfigurations = (
				EAACED64240A6CCC00EABAE8 /* Debug */,
				EAACED65240A6CCC00EABAE8 /* Release */,
			);
			defaultConfigurationIsVisible = 0;
			defaultConfigurationName = Release;
		};
/* End XCConfigurationList section */
	};
	rootObject = EAACED3D240A6CCB00EABAE8 /* Project object */;
}
